
Microsoft Visual Studio Solution File, Format Version 12.00
# Visual Studio Version 17
VisualStudioVersion = 17.9.34728.123
MinimumVisualStudioVersion = 10.0.40219.1
Project("{9A19103F-16F7-4668-BE54-9A1E7A4F7556}") = "CleanArchitecture.Infrastructure", "CleanArchitecture.Data\CleanArchitecture.Infrastructure.csproj", "{C691252B-2423-4D11-9DA9-A8E5F9A86685}"
EndProject
Project("{9A19103F-16F7-4668-BE54-9A1E7A4F7556}") = "CleanArchitecture.Domain", "CleanArchitecture.Domain\CleanArchitecture.Domain.csproj", "{6A4015BB-C568-4BF1-91BC-AB89EB32B90B}"
EndProject
Project("{2150E333-8FDC-42A3-9474-1A3956D46DE8}") = "src", "src", "{0FA4F8DE-1C74-4A6B-B8EC-464970DAC25D}"
EndProject
Project("{2150E333-8FDC-42A3-9474-1A3956D46DE8}") = "doc", "doc", "{A4FCDFF4-832A-410A-A48C-3E7E925BB7EE}"
EndProject
Project("{2150E333-8FDC-42A3-9474-1A3956D46DE8}") = "test", "test", "{60C440AB-C364-426B-BBE6-F5B8FD75EA4C}"
EndProject
Project("{2150E333-8FDC-42A3-9474-1A3956D46DE8}") = "API", "API", "{9D1FC7CE-EE02-49F3-B201-588FD4DBE167}"
EndProject
Project("{2150E333-8FDC-42A3-9474-1A3956D46DE8}") = "Core", "Core", "{2FC14684-7FC3-41BC-B3CF-277A9DD5B29E}"
EndProject
Project("{2150E333-8FDC-42A3-9474-1A3956D46DE8}") = "Infrastructure", "Infrastructure", "{4AC20477-99A2-44C8-8AD5-3F6219920BF8}"
EndProject
Project("{9A19103F-16F7-4668-BE54-9A1E7A4F7556}") = "CleanArchitecture.API", "CleanArchitecture.API\CleanArchitecture.API.csproj", "{E3FA37C7-645E-420D-BD49-7B3FB210C34D}"
EndProject
Project("{9A19103F-16F7-4668-BE54-9A1E7A4F7556}") = "CleanArchitecture.Application", "CleanArchitecture.Application\CleanArchitecture.Application.csproj", "{5A78D993-A4FD-419B-973C-BB4E289C5DC3}"
EndProject
Project("{2150E333-8FDC-42A3-9474-1A3956D46DE8}") = "build", "build", "{DA4174BB-5161-4749-A60D-73DFB09F4709}"
EndProject
Project("{9A19103F-16F7-4668-BE54-9A1E7A4F7556}") = "CleanArchitecture.Identity", "CleanArchitecture.Identity\CleanArchitecture.Identity.csproj", "{61C4BDB2-8C97-4D06-BA51-96B0CBF61790}"
EndProject
Global
	GlobalSection(SolutionConfigurationPlatforms) = preSolution
		Debug|Any CPU = Debug|Any CPU
		Release|Any CPU = Release|Any CPU
	EndGlobalSection
	GlobalSection(ProjectConfigurationPlatforms) = postSolution
		{C691252B-2423-4D11-9DA9-A8E5F9A86685}.Debug|Any CPU.ActiveCfg = Debug|Any CPU
		{C691252B-2423-4D11-9DA9-A8E5F9A86685}.Debug|Any CPU.Build.0 = Debug|Any CPU
		{C691252B-2423-4D11-9DA9-A8E5F9A86685}.Release|Any CPU.ActiveCfg = Release|Any CPU
		{C691252B-2423-4D11-9DA9-A8E5F9A86685}.Release|Any CPU.Build.0 = Release|Any CPU
		{6A4015BB-C568-4BF1-91BC-AB89EB32B90B}.Debug|Any CPU.ActiveCfg = Debug|Any CPU
		{6A4015BB-C568-4BF1-91BC-AB89EB32B90B}.Debug|Any CPU.Build.0 = Debug|Any CPU
		{6A4015BB-C568-4BF1-91BC-AB89EB32B90B}.Release|Any CPU.ActiveCfg = Release|Any CPU
		{6A4015BB-C568-4BF1-91BC-AB89EB32B90B}.Release|Any CPU.Build.0 = Release|Any CPU
		{E3FA37C7-645E-420D-BD49-7B3FB210C34D}.Debug|Any CPU.ActiveCfg = Debug|Any CPU
		{E3FA37C7-645E-420D-BD49-7B3FB210C34D}.Debug|Any CPU.Build.0 = Debug|Any CPU
		{E3FA37C7-645E-420D-BD49-7B3FB210C34D}.Release|Any CPU.ActiveCfg = Release|Any CPU
		{E3FA37C7-645E-420D-BD49-7B3FB210C34D}.Release|Any CPU.Build.0 = Release|Any CPU
		{5A78D993-A4FD-419B-973C-BB4E289C5DC3}.Debug|Any CPU.ActiveCfg = Debug|Any CPU
		{5A78D993-A4FD-419B-973C-BB4E289C5DC3}.Debug|Any CPU.Build.0 = Debug|Any CPU
		{5A78D993-A4FD-419B-973C-BB4E289C5DC3}.Release|Any CPU.ActiveCfg = Release|Any CPU
		{5A78D993-A4FD-419B-973C-BB4E289C5DC3}.Release|Any CPU.Build.0 = Release|Any CPU
		{61C4BDB2-8C97-4D06-BA51-96B0CBF61790}.Debug|Any CPU.ActiveCfg = Debug|Any CPU
		{61C4BDB2-8C97-4D06-BA51-96B0CBF61790}.Debug|Any CPU.Build.0 = Debug|Any CPU
		{61C4BDB2-8C97-4D06-BA51-96B0CBF61790}.Release|Any CPU.ActiveCfg = Release|Any CPU
		{61C4BDB2-8C97-4D06-BA51-96B0CBF61790}.Release|Any CPU.Build.0 = Release|Any CPU
	EndGlobalSection
	GlobalSection(SolutionProperties) = preSolution
		HideSolutionNode = FALSE
	EndGlobalSection
	GlobalSection(NestedProjects) = preSolution
		{C691252B-2423-4D11-9DA9-A8E5F9A86685} = {4AC20477-99A2-44C8-8AD5-3F6219920BF8}
		{6A4015BB-C568-4BF1-91BC-AB89EB32B90B} = {2FC14684-7FC3-41BC-B3CF-277A9DD5B29E}
		{9D1FC7CE-EE02-49F3-B201-588FD4DBE167} = {0FA4F8DE-1C74-4A6B-B8EC-464970DAC25D}
		{2FC14684-7FC3-41BC-B3CF-277A9DD5B29E} = {0FA4F8DE-1C74-4A6B-B8EC-464970DAC25D}
		{4AC20477-99A2-44C8-8AD5-3F6219920BF8} = {0FA4F8DE-1C74-4A6B-B8EC-464970DAC25D}
		{E3FA37C7-645E-420D-BD49-7B3FB210C34D} = {9D1FC7CE-EE02-49F3-B201-588FD4DBE167}
		{5A78D993-A4FD-419B-973C-BB4E289C5DC3} = {2FC14684-7FC3-41BC-B3CF-277A9DD5B29E}
		{61C4BDB2-8C97-4D06-BA51-96B0CBF61790} = {4AC20477-99A2-44C8-8AD5-3F6219920BF8}
	EndGlobalSection
	GlobalSection(ExtensibilityGlobals) = postSolution
		SolutionGuid = {D6613DF4-3ACF-40CD-8695-C33072B9018C}
	EndGlobalSection
EndGlobal
